
Microsoft Visual Studio Solution File, Format Version 12.00
# Visual Studio 15
VisualStudioVersion = 15.0.27428.2015
MinimumVisualStudioVersion = 10.0.40219.1
Project("{8BC9CEB8-8B4A-11D0-8D11-00A0C91BC942}") = "ReverseEngineering", "ReverseEngineering\ReverseEngineering.vcxproj", "{16614B0A-4095-494C-80F8-88184C89D066}"
EndProject
Global
	GlobalSection(SolutionConfigurationPlatforms) = preSolution
		Debug|x64 = Debug|x64
		Debug|x86 = Debug|x86
		Release|x64 = Release|x64
		Release|x86 = Release|x86
	EndGlobalSection
	GlobalSection(ProjectConfigurationPlatforms) = postSolution
		{16614B0A-4095-494C-80F8-88184C89D066}.Debug|x64.ActiveCfg = Debug|x64
		{16614B0A-4095-494C-80F8-88184C89D066}.Debug|x64.Build.0 = Debug|x64
		{16614B0A-4095-494C-80F8-88184C89D066}.Debug|x86.ActiveCfg = Debug|Win32
		{16614B0A-4095-494C-80F8-88184C89D066}.Debug|x86.Build.0 = Debug|Win32
		{16614B0A-4095-494C-80F8-88184C89D066}.Release|x64.ActiveCfg = Release|x64
		{16614B0A-4095-494C-80F8-88184C89D066}.Release|x64.Build.0 = Release|x64
		{16614B0A-4095-494C-80F8-88184C89D066}.Release|x86.ActiveCfg = Release|Win32
		{16614B0A-4095-494C-80F8-88184C89D066}.Release|x86.Build.0 = Release|Win32
	EndGlobalSection
	GlobalSection(SolutionProperties) = preSolution
		HideSolutionNode = FALSE
	EndGlobalSection
	GlobalSection(ExtensibilityGlobals) = postSolution
		SolutionGuid = {EAD620AB-27F2-4D4A-8A25-3B48FE206CD5}
	EndGlobalSection
EndGlobal
